{
    "_readme": [
        "This file locks the dependencies of your project to a known state",
        "Read more about it at https://getcomposer.org/doc/01-basic-usage.md#composer-lock-the-lock-file",
        "This file is @generated automatically"
    ],
    "hash": "4e2402e6ba7e84e08c5522e55f890e23",
    "content-hash": "86920b4b80a29d7fd81141f1d9031fc8",
    "packages": [
        {
            "name": "cakeoven/cake_csv",
            "version": "v2.0.1",
            "source": {
                "type": "git",
                "url": "https://github.com/cakeoven/CakeCSV.git",
                "reference": "ca77505bdda25e52117fc7aa03887cf3235f0c2c"
            },
            "dist": {
                "type": "zip",
                "url": "https://api.github.com/repos/cakeoven/CakeCSV/zipball/ca77505bdda25e52117fc7aa03887cf3235f0c2c",
                "reference": "ca77505bdda25e52117fc7aa03887cf3235f0c2c",
                "shasum": ""
            },
            "require": {
                "cakephp/cakephp": "^2.7",
                "composer/installers": "*",
                "php": ">=5.4.16"
            },
            "require-dev": {
                "phpunit/phpunit": "*",
                "squizlabs/php_codesniffer": "~2.4"
            },
            "suggest": {
                "apigen/apigen": "*"
            },
            "type": "cakephp-plugin",
            "extra": {
                "branch-alias": {
                    "dev-master": "2.x-dev"
                },
                "installer-name": "CakeCsv"
            },
            "license": [
                "MIT"
            ],
            "authors": [
                {
                    "name": "George Mponos",
                    "email": "gmponos@gmail.com",
                    "homepage": "http://gmponos.webthink.gr",
                    "role": "developer"
                }
            ],
            "description": "A CakePHP Component to export CSV files",
            "homepage": "http://github.com/cakeoven/CakeCSV",
            "keywords": [
                "cakeoven",
                "cakephp",
                "component",
                "csv",
                "plugin"
            ],
            "support": {
                "issues": "https://github.com/cakeoven/CakeCSV/issues",
                "source": "https://github.com/cakeoven/CakeCSV/tree/v2.0.1"
            },
            "time": "2016-01-30 16:39:53"
        },
        {
            "name": "cakeoven/cakebootstrap",
            "version": "v2.1.1",
            "source": {
                "type": "git",
                "url": "https://github.com/cakeoven/CakeTwitterBootstrap.git",
                "reference": "7a90824af8cf8648bc02a66b8101270495152139"
            },
            "dist": {
                "type": "zip",
                "url": "https://api.github.com/repos/cakeoven/CakeTwitterBootstrap/zipball/7a90824af8cf8648bc02a66b8101270495152139",
                "reference": "7a90824af8cf8648bc02a66b8101270495152139",
                "shasum": ""
            },
            "require": {
                "composer/installers": "*",
                "php": ">=5.4.16"
            },
            "require-dev": {
                "cakephp/cakephp-codesniffer": "2.*",
                "phpunit/phpunit": "4.1.*"
            },
            "type": "cakephp-plugin",
            "extra": {
                "branch-alias": {
                    "dev-master": "2.x-dev"
                },
                "installer-name": "CakeBootstrap"
            },
            "notification-url": "https://packagist.org/downloads/",
            "license": [
                "MIT"
            ],
            "authors": [
                {
                    "name": "gmponos",
                    "email": "gmponos@gmail.com"
                }
            ],
            "description": "A CakePHP plugin with helpers for Twitter bootstrap",
            "homepage": "https://github.com/cakeoven/CakeBootstrap",
            "time": "2016-01-28 19:57:36"
        },
        {
            "name": "cakeoven/cakemap",
            "version": "v2.0.1",
            "source": {
                "type": "git",
                "url": "https://github.com/cakeoven/CakeMap.git",
                "reference": "375421df583985e67d22d3dbcb00842c9454bf8d"
            },
            "dist": {
                "type": "zip",
                "url": "https://api.github.com/repos/cakeoven/CakeMap/zipball/375421df583985e67d22d3dbcb00842c9454bf8d",
                "reference": "375421df583985e67d22d3dbcb00842c9454bf8d",
                "shasum": ""
            },
            "require": {
                "cakephp/cakephp": "^2.6",
                "composer/installers": "*",
                "php": ">=5.4.16"
            },
            "require-dev": {
                "cakephp/cakephp-codesniffer": "*",
                "phpunit/phpunit": "*"
            },
            "suggest": {
                "apigen/apigen": "Produce Documentations very easily via DocBlocks"
            },
            "type": "cakephp-plugin",
            "extra": {
                "branch-alias": {
                    "dev-master": "2.x-dev"
                },
                "installer-name": "CakeMap"
            },
            "license": [
                "MIT"
            ],
            "description": "A CakePHP helper to let u use transparently google maps",
            "homepage": "http://github.com/gmponos/CakeMap",
            "keywords": [
                "google_maps",
                "helper"
            ],
            "support": {
                "issues": "https://github.com/gmponos/CakeMap/issues",
                "source": "https://github.com/cakeoven/CakeMap/tree/v2.0.1"
            },
            "time": "2016-01-28 21:09:01"
        },
        {
            "name": "cakeoven/calendar",
            "version": "v0.1.0",
            "source": {
                "type": "git",
                "url": "https://github.com/cakeoven/calendar.git",
                "reference": "ae89b583bcc5ff4f0e7a8435a56080cdeeeb8606"
            },
            "dist": {
                "type": "zip",
                "url": "https://api.github.com/repos/cakeoven/calendar/zipball/ae89b583bcc5ff4f0e7a8435a56080cdeeeb8606",
                "reference": "ae89b583bcc5ff4f0e7a8435a56080cdeeeb8606",
                "shasum": ""
            },
            "require": {
                "cakephp/cakephp": "^2.6",
                "composer/installers": "*",
                "php": ">=5.5"
            },
            "require-dev": {
                "phpunit/phpunit": "*",
                "squizlabs/php_codesniffer": "~2.4"
            },
            "suggest": {
                "apigen/apigen": "*"
            },
            "type": "cakephp-plugin",
            "extra": {
                "branch-alias": {
                    "dev-master": "2.x-dev"
                },
                "installer-name": "Calendar"
            },
            "license": [
                "MIT"
            ],
            "authors": [
                {
                    "name": "George Mponos",
                    "email": "gmponos@gmail.com",
                    "homepage": "http://gmponos.webthink.gr",
                    "role": "developer"
                }
            ],
            "description": "A CakePHP Plugin to have full calendar",
            "homepage": "https://github.com/cakeoven/CakeFullCalendar",
            "keywords": [
                "cakephp",
                "fullcalendar",
                "plugin"
            ],
            "support": {
                "issues": "https://github.com/cakeoven/calendar/issues",
                "source": "https://github.com/cakeoven/calendar/tree/v0.1.0"
            },
            "time": "2016-08-06 16:16:40"
        },
        {
            "name": "cakeoven/qtip",
            "version": "v0.1.5",
            "source": {
                "type": "git",
                "url": "https://github.com/cakeoven/CakeQTip.git",
                "reference": "4e314c0052237f16585139f69f2ffa1d178c069a"
            },
            "dist": {
                "type": "zip",
                "url": "https://api.github.com/repos/cakeoven/CakeQTip/zipball/4e314c0052237f16585139f69f2ffa1d178c069a",
                "reference": "4e314c0052237f16585139f69f2ffa1d178c069a",
                "shasum": ""
            },
            "require": {
                "php": ">=5.3.0"
            },
            "require-dev": {
                "phpunit/phpunit": "4.*",
                "scrutinizer/ocular": "~1.1"
            },
            "type": "cakephp-plugin",
            "extra": {
                "branch-alias": {
                    "dev-master": "1.0-dev"
                },
                "installer-name": "CakeQtip"
            },
            "scripts": {
                "test": [
                    "phpunit"
                ]
            },
            "license": [
                "MIT"
            ],
            "authors": [
                {
                    "name": "George Mponos",
                    "email": "gmponos@gmail.com",
                    "homepage": "http://gmponos.webthink.gr",
                    "role": "Developer"
                }
            ],
            "description": "A plugin to use qTip",
            "homepage": "https://github.com/thephpleague/:package_name",
            "keywords": [
                "qtip"
            ],
            "support": {
                "source": "https://github.com/cakeoven/CakeQTip/tree/v0.1.5",
                "issues": "https://github.com/cakeoven/CakeQTip/issues"
            },
            "time": "2016-03-13 20:16:05"
        },
        {
            "name": "cakephp/cakephp",
            "version": "2.8.6",
            "source": {
                "type": "git",
                "url": "https://github.com/cakephp/cakephp.git",
                "reference": "0a22058e356b7346221f26d3be47a6c93e12c2f5"
            },
            "dist": {
                "type": "zip",
                "url": "https://api.github.com/repos/cakephp/cakephp/zipball/0a22058e356b7346221f26d3be47a6c93e12c2f5",
                "reference": "0a22058e356b7346221f26d3be47a6c93e12c2f5",
                "shasum": ""
            },
            "require": {
                "ext-mcrypt": "*",
                "php": ">=5.3.0"
            },
            "require-dev": {
                "cakephp/cakephp-codesniffer": "^1.0.0",
                "phpunit/phpunit": "3.7.*"
            },
            "bin": [
                "lib/Cake/Console/cake"
            ],
            "type": "library",
            "notification-url": "https://packagist.org/downloads/",
            "license": [
                "MIT"
            ],
            "authors": [
                {
                    "name": "CakePHP Community",
                    "homepage": "https://github.com/cakephp/cakephp/graphs/contributors"
                }
            ],
            "description": "The CakePHP framework",
            "homepage": "http://cakephp.org",
            "keywords": [
                "framework"
            ],
            "time": "2016-08-03 02:15:04"
        },
        {
            "name": "ceeram/clear_cache",
            "version": "1.1.0",
            "source": {
                "type": "git",
                "url": "https://github.com/ceeram/clear_cache.git",
                "reference": "25f8e6e4dee0175a536b29138d5255604644f7d0"
            },
            "dist": {
                "type": "zip",
                "url": "https://api.github.com/repos/ceeram/clear_cache/zipball/25f8e6e4dee0175a536b29138d5255604644f7d0",
                "reference": "25f8e6e4dee0175a536b29138d5255604644f7d0",
                "shasum": ""
            },
            "require": {
                "composer/installers": "*",
                "php": ">=5.3.0"
            },
            "type": "cakephp-plugin",
            "extra": {
                "installer-name": "ClearCache"
            },
            "license": [
                "MIT"
            ],
            "description": "Clear CakePHP caches from shell, app or debug_kit panel",
            "homepage": "http://github.com/ceeram/clear_cache",
            "support": {
                "source": "https://github.com/ceeram/clear_cache/tree/1.1.0",
                "issues": "https://github.com/ceeram/clear_cache/issues"
            },
            "time": "2014-11-19 08:36:13"
        },
        {
            "name": "composer/installers",
            "version": "v1.1.0",
            "source": {
                "type": "git",
                "url": "https://github.com/composer/installers.git",
                "reference": "a3595c5272a6f247228abb20076ed27321e4aae9"
            },
            "dist": {
                "type": "zip",
                "url": "https://api.github.com/repos/composer/installers/zipball/a3595c5272a6f247228abb20076ed27321e4aae9",
                "reference": "a3595c5272a6f247228abb20076ed27321e4aae9",
                "shasum": ""
            },
            "require": {
                "composer-plugin-api": "^1.0"
            },
            "replace": {
                "roundcube/plugin-installer": "*",
                "shama/baton": "*"
            },
            "require-dev": {
                "composer/composer": "1.0.*@dev",
                "phpunit/phpunit": "4.1.*"
            },
            "type": "composer-plugin",
            "extra": {
                "class": "Composer\\Installers\\Plugin",
                "branch-alias": {
                    "dev-master": "1.0-dev"
                }
            },
            "autoload": {
                "psr-4": {
                    "Composer\\Installers\\": "src/Composer/Installers"
                }
            },
            "notification-url": "https://packagist.org/downloads/",
            "license": [
                "MIT"
            ],
            "authors": [
                {
                    "name": "Kyle Robinson Young",
                    "email": "kyle@dontkry.com",
                    "homepage": "https://github.com/shama"
                }
            ],
            "description": "A multi-framework Composer library installer",
            "homepage": "https://composer.github.io/installers/",
            "keywords": [
                "Craft",
                "Dolibarr",
                "Hurad",
                "ImageCMS",
                "MODX Evo",
                "Mautic",
                "OXID",
                "RadPHP",
                "SMF",
                "Thelia",
                "WolfCMS",
                "agl",
                "aimeos",
                "annotatecms",
                "bitrix",
                "cakephp",
                "chef",
                "codeigniter",
                "concrete5",
                "croogo",
                "dokuwiki",
                "drupal",
                "elgg",
                "expressionengine",
                "fuelphp",
                "grav",
                "installer",
                "joomla",
                "kohana",
                "laravel",
                "lithium",
                "magento",
                "mako",
                "mediawiki",
                "modulework",
                "moodle",
                "phpbb",
                "piwik",
                "ppi",
                "puppet",
                "roundcube",
                "shopware",
                "silverstripe",
                "symfony",
                "typo3",
                "wordpress",
                "zend",
                "zikula"
            ],
            "time": "2016-07-05 06:18:20"
        },
        {
            "name": "fmcorz/acl-manager",
            "version": "1.2.5",
            "source": {
                "type": "git",
                "url": "https://github.com/cakeoven/AclManager.git",
                "reference": "135e973977671d23fff03ae4f7b156d43b42126e"
            },
            "dist": {
                "type": "zip",
                "url": "https://api.github.com/repos/cakeoven/AclManager/zipball/135e973977671d23fff03ae4f7b156d43b42126e",
                "reference": "135e973977671d23fff03ae4f7b156d43b42126e",
                "shasum": ""
            },
            "require": {
                "composer/installers": "*",
                "php": ">=5.2.8"
            },
            "type": "cakephp-plugin",
            "license": [
                "MIT"
            ],
            "description": "AclManager for CakePHP 2.x",
            "homepage": "http://github.com/FMCorz/AclManager",
            "support": {
                "source": "https://github.com/cakeoven/AclManager/tree/1.2.5",
                "issues": "https://github.com/cakeoven/AclManager/issues"
            },
            "time": "2013-10-30 00:54:31"
        },
        {
            "name": "vlucas/phpdotenv",
            "version": "v2.3.0",
            "source": {
                "type": "git",
                "url": "https://github.com/vlucas/phpdotenv.git",
                "reference": "9ca5644c536654e9509b9d257f53c58630eb2a6a"
            },
            "dist": {
                "type": "zip",
                "url": "https://api.github.com/repos/vlucas/phpdotenv/zipball/9ca5644c536654e9509b9d257f53c58630eb2a6a",
                "reference": "9ca5644c536654e9509b9d257f53c58630eb2a6a",
                "shasum": ""
            },
            "require": {
                "php": ">=5.3.9"
            },
            "require-dev": {
                "phpunit/phpunit": "^4.8 || ^5.0"
            },
            "type": "library",
            "extra": {
                "branch-alias": {
                    "dev-master": "2.3-dev"
                }
            },
            "autoload": {
                "psr-4": {
                    "Dotenv\\": "src/"
                }
            },
            "notification-url": "https://packagist.org/downloads/",
            "license": [
                "BSD-3-Clause-Attribution"
            ],
            "authors": [
                {
                    "name": "Vance Lucas",
                    "email": "vance@vancelucas.com",
                    "homepage": "http://www.vancelucas.com"
                }
            ],
            "description": "Loads environment variables from `.env` to `getenv()`, `$_ENV` and `$_SERVER` automagically.",
            "keywords": [
                "dotenv",
                "env",
                "environment"
            ],
            "time": "2016-06-14 14:14:52"
        }
    ],
    "packages-dev": [
        {
            "name": "cakephp/debug_kit",
            "version": "2.2.6",
            "source": {
                "type": "git",
                "url": "https://github.com/cakephp/debug_kit.git",
                "reference": "6c318a779b63bd567fd17811aecc7654a74bbec5"
            },
            "dist": {
                "type": "zip",
                "url": "https://api.github.com/repos/cakephp/debug_kit/zipball/6c318a779b63bd567fd17811aecc7654a74bbec5",
                "reference": "6c318a779b63bd567fd17811aecc7654a74bbec5",
                "shasum": ""
            },
            "require": {
                "composer/installers": "*",
                "php": ">=5.3.0"
            },
            "type": "cakephp-plugin",
            "extra": {
                "branch-alias": {
                    "dev-master": "2.2.x-dev"
                },
                "installer-name": "DebugKit"
            },
            "notification-url": "https://packagist.org/downloads/",
            "license": [
                "MIT"
            ],
            "authors": [
                {
                    "name": "Mark Story",
                    "homepage": "http://mark-story.com",
                    "role": "Author"
                },
                {
                    "name": "CakePHP Community",
                    "homepage": "https://github.com/cakephp/debug_kit/graphs/contributors"
                }
            ],
            "description": "CakePHP Debug Kit",
            "homepage": "https://github.com/cakephp/debug_kit",
            "keywords": [
                "cakephp",
                "debug",
                "kit"
            ],
            "time": "2015-09-13 20:07:55"
        },
        {
            "name": "maldicore/backups",
            "version": "dev-master",
            "source": {
                "type": "git",
                "url": "https://github.com/cakeoven/Backups.git",
                "reference": "b6fd4d76576ae8a80f709340dbf0511a323445a3"
            },
            "dist": {
                "type": "zip",
                "url": "https://api.github.com/repos/cakeoven/Backups/zipball/b6fd4d76576ae8a80f709340dbf0511a323445a3",
                "reference": "b6fd4d76576ae8a80f709340dbf0511a323445a3",
                "shasum": ""
            },
            "require": {
                "cakephp/cakephp": "^2.7",
                "composer/installers": "*",
                "php": ">=5.4.16"
            },
            "require-dev": {
                "phpunit/phpunit": "*"
            },
            "suggest": {
                "apigen/apigen": "*"
            },
            "type": "cakephp-plugin",
            "extra": {
                "branch-alias": {
                    "dev-master": "1.x-dev"
                },
                "installer-name": "CakeBackups"
            },
            "license": [
                "MIT"
            ],
            "description": "A CakePHP Plugin to easily backup and restore databases",
            "homepage": "https://github.com/Maldicore/Backups",
            "keywords": [
                "backup",
                "cakephp",
                "plugin"
            ],
            "support": {
                "issues": "https://github.com/Maldicore/Backups/issues",
                "source": "https://github.com/cakeoven/Backups/tree/master"
            },
            "time": "2016-01-30 20:30:53"
        },
        {
            "name": "markstory/acl_extras",
            "version": "dev-master",
            "source": {
                "type": "git",
                "url": "https://github.com/markstory/acl_extras.git",
                "reference": "f136d970e347c8dda77e2fc278727beafec7aaf9"
            },
            "dist": {
                "type": "zip",
                "url": "https://api.github.com/repos/markstory/acl_extras/zipball/f136d970e347c8dda77e2fc278727beafec7aaf9",
                "reference": "f136d970e347c8dda77e2fc278727beafec7aaf9",
                "shasum": ""
            },
            "require": {
                "composer/installers": "*",
                "php": ">=5.2.17"
            },
            "type": "cakephp-plugin",
            "license": [
                "MIT"
            ],
            "authors": [
                {
                    "name": "Mark Story",
                    "homepage": "http://mark-story.com",
                    "role": "Author"
                }
            ],
            "description": "Additional tools for managing DB ACL in CakePHP applications.",
            "homepage": "https://github.com/markstory/acl_extras",
            "keywords": [
                "acl",
                "cakephp"
            ],
            "support": {
                "issues": "https://github.com/markstory/acl_extras/issues",
                "source": "https://github.com/markstory/acl_extras"
            },
            "time": "2013-10-26 00:34:46"
        },
        {
            "name": "phpunit/php-code-coverage",
            "version": "1.2.18",
            "source": {
                "type": "git",
                "url": "https://github.com/sebastianbergmann/php-code-coverage.git",
                "reference": "fe2466802556d3fe4e4d1d58ffd3ccfd0a19be0b"
            },
            "dist": {
                "type": "zip",
                "url": "https://api.github.com/repos/sebastianbergmann/php-code-coverage/zipball/fe2466802556d3fe4e4d1d58ffd3ccfd0a19be0b",
                "reference": "fe2466802556d3fe4e4d1d58ffd3ccfd0a19be0b",
                "shasum": ""
            },
            "require": {
                "php": ">=5.3.3",
                "phpunit/php-file-iterator": ">=1.3.0@stable",
                "phpunit/php-text-template": ">=1.2.0@stable",
                "phpunit/php-token-stream": ">=1.1.3,<1.3.0"
            },
            "require-dev": {
                "phpunit/phpunit": "3.7.*@dev"
            },
            "suggest": {
                "ext-dom": "*",
                "ext-xdebug": ">=2.0.5"
            },
            "type": "library",
            "extra": {
                "branch-alias": {
                    "dev-master": "1.2.x-dev"
                }
            },
            "autoload": {
                "classmap": [
                    "PHP/"
                ]
            },
            "notification-url": "https://packagist.org/downloads/",
            "include-path": [
                ""
            ],
            "license": [
                "BSD-3-Clause"
            ],
            "authors": [
                {
                    "name": "Sebastian Bergmann",
                    "email": "sb@sebastian-bergmann.de",
                    "role": "lead"
                }
            ],
            "description": "Library that provides collection, processing, and rendering functionality for PHP code coverage information.",
            "homepage": "https://github.com/sebastianbergmann/php-code-coverage",
            "keywords": [
                "coverage",
                "testing",
                "xunit"
            ],
            "time": "2014-09-02 10:13:14"
        },
        {
            "name": "phpunit/php-file-iterator",
            "version": "1.4.1",
            "source": {
                "type": "git",
                "url": "https://github.com/sebastianbergmann/php-file-iterator.git",
                "reference": "6150bf2c35d3fc379e50c7602b75caceaa39dbf0"
            },
            "dist": {
                "type": "zip",
                "url": "https://api.github.com/repos/sebastianbergmann/php-file-iterator/zipball/6150bf2c35d3fc379e50c7602b75caceaa39dbf0",
                "reference": "6150bf2c35d3fc379e50c7602b75caceaa39dbf0",
                "shasum": ""
            },
            "require": {
                "php": ">=5.3.3"
            },
            "type": "library",
            "extra": {
                "branch-alias": {
                    "dev-master": "1.4.x-dev"
                }
            },
            "autoload": {
                "classmap": [
                    "src/"
                ]
            },
            "notification-url": "https://packagist.org/downloads/",
            "license": [
                "BSD-3-Clause"
            ],
            "authors": [
                {
                    "name": "Sebastian Bergmann",
                    "email": "sb@sebastian-bergmann.de",
                    "role": "lead"
                }
            ],
            "description": "FilterIterator implementation that filters files based on a list of suffixes.",
            "homepage": "https://github.com/sebastianbergmann/php-file-iterator/",
            "keywords": [
                "filesystem",
                "iterator"
            ],
            "time": "2015-06-21 13:08:43"
        },
        {
            "name": "phpunit/php-text-template",
            "version": "1.2.1",
            "source": {
                "type": "git",
                "url": "https://github.com/sebastianbergmann/php-text-template.git",
                "reference": "31f8b717e51d9a2afca6c9f046f5d69fc27c8686"
            },
            "dist": {
                "type": "zip",
                "url": "https://api.github.com/repos/sebastianbergmann/php-text-template/zipball/31f8b717e51d9a2afca6c9f046f5d69fc27c8686",
                "reference": "31f8b717e51d9a2afca6c9f046f5d69fc27c8686",
                "shasum": ""
            },
            "require": {
                "php": ">=5.3.3"
            },
            "type": "library",
            "autoload": {
                "classmap": [
                    "src/"
                ]
            },
            "notification-url": "https://packagist.org/downloads/",
            "license": [
                "BSD-3-Clause"
            ],
            "authors": [
                {
                    "name": "Sebastian Bergmann",
                    "email": "sebastian@phpunit.de",
                    "role": "lead"
                }
            ],
            "description": "Simple template engine.",
            "homepage": "https://github.com/sebastianbergmann/php-text-template/",
            "keywords": [
                "template"
            ],
            "time": "2015-06-21 13:50:34"
        },
        {
            "name": "phpunit/php-timer",
            "version": "1.0.8",
            "source": {
                "type": "git",
                "url": "https://github.com/sebastianbergmann/php-timer.git",
                "reference": "38e9124049cf1a164f1e4537caf19c99bf1eb260"
            },
            "dist": {
                "type": "zip",
                "url": "https://api.github.com/repos/sebastianbergmann/php-timer/zipball/38e9124049cf1a164f1e4537caf19c99bf1eb260",
                "reference": "38e9124049cf1a164f1e4537caf19c99bf1eb260",
                "shasum": ""
            },
            "require": {
                "php": ">=5.3.3"
            },
            "require-dev": {
                "phpunit/phpunit": "~4|~5"
            },
            "type": "library",
            "autoload": {
                "classmap": [
                    "src/"
                ]
            },
            "notification-url": "https://packagist.org/downloads/",
            "license": [
                "BSD-3-Clause"
            ],
            "authors": [
                {
                    "name": "Sebastian Bergmann",
                    "email": "sb@sebastian-bergmann.de",
                    "role": "lead"
                }
            ],
            "description": "Utility class for timing",
            "homepage": "https://github.com/sebastianbergmann/php-timer/",
            "keywords": [
                "timer"
            ],
            "time": "2016-05-12 18:03:57"
        },
        {
            "name": "phpunit/php-token-stream",
            "version": "1.2.2",
            "source": {
                "type": "git",
                "url": "https://github.com/sebastianbergmann/php-token-stream.git",
                "reference": "ad4e1e23ae01b483c16f600ff1bebec184588e32"
            },
            "dist": {
                "type": "zip",
                "url": "https://api.github.com/repos/sebastianbergmann/php-token-stream/zipball/ad4e1e23ae01b483c16f600ff1bebec184588e32",
                "reference": "ad4e1e23ae01b483c16f600ff1bebec184588e32",
                "shasum": ""
            },
            "require": {
                "ext-tokenizer": "*",
                "php": ">=5.3.3"
            },
            "type": "library",
            "extra": {
                "branch-alias": {
                    "dev-master": "1.2-dev"
                }
            },
            "autoload": {
                "classmap": [
                    "PHP/"
                ]
            },
            "notification-url": "https://packagist.org/downloads/",
            "include-path": [
                ""
            ],
            "license": [
                "BSD-3-Clause"
            ],
            "authors": [
                {
                    "name": "Sebastian Bergmann",
                    "email": "sb@sebastian-bergmann.de",
                    "role": "lead"
                }
            ],
            "description": "Wrapper around PHP's tokenizer extension.",
            "homepage": "https://github.com/sebastianbergmann/php-token-stream/",
            "keywords": [
                "tokenizer"
            ],
            "time": "2014-03-03 05:10:30"
        },
        {
            "name": "phpunit/phpunit",
            "version": "3.7.38",
            "source": {
                "type": "git",
                "url": "https://github.com/sebastianbergmann/phpunit.git",
                "reference": "38709dc22d519a3d1be46849868aa2ddf822bcf6"
            },
            "dist": {
                "type": "zip",
                "url": "https://api.github.com/repos/sebastianbergmann/phpunit/zipball/38709dc22d519a3d1be46849868aa2ddf822bcf6",
                "reference": "38709dc22d519a3d1be46849868aa2ddf822bcf6",
                "shasum": ""
            },
            "require": {
                "ext-ctype": "*",
                "ext-dom": "*",
                "ext-json": "*",
                "ext-pcre": "*",
                "ext-reflection": "*",
                "ext-spl": "*",
                "php": ">=5.3.3",
                "phpunit/php-code-coverage": "~1.2",
                "phpunit/php-file-iterator": "~1.3",
                "phpunit/php-text-template": "~1.1",
                "phpunit/php-timer": "~1.0",
                "phpunit/phpunit-mock-objects": "~1.2",
                "symfony/yaml": "~2.0"
            },
            "require-dev": {
                "pear-pear.php.net/pear": "1.9.4"
            },
            "suggest": {
                "phpunit/php-invoker": "~1.1"
            },
            "bin": [
                "composer/bin/phpunit"
            ],
            "type": "library",
            "extra": {
                "branch-alias": {
                    "dev-master": "3.7.x-dev"
                }
            },
            "autoload": {
                "classmap": [
                    "PHPUnit/"
                ]
            },
            "notification-url": "https://packagist.org/downloads/",
            "include-path": [
                "",
                "../../symfony/yaml/"
            ],
            "license": [
                "BSD-3-Clause"
            ],
            "authors": [
                {
                    "name": "Sebastian Bergmann",
                    "email": "sebastian@phpunit.de",
                    "role": "lead"
                }
            ],
            "description": "The PHP Unit Testing framework.",
            "homepage": "http://www.phpunit.de/",
            "keywords": [
                "phpunit",
                "testing",
                "xunit"
            ],
            "time": "2014-10-17 09:04:17"
        },
        {
            "name": "phpunit/phpunit-mock-objects",
            "version": "1.2.3",
            "source": {
                "type": "git",
                "url": "https://github.com/sebastianbergmann/phpunit-mock-objects.git",
                "reference": "5794e3c5c5ba0fb037b11d8151add2a07fa82875"
            },
            "dist": {
                "type": "zip",
                "url": "https://api.github.com/repos/sebastianbergmann/phpunit-mock-objects/zipball/5794e3c5c5ba0fb037b11d8151add2a07fa82875",
                "reference": "5794e3c5c5ba0fb037b11d8151add2a07fa82875",
                "shasum": ""
            },
            "require": {
                "php": ">=5.3.3",
                "phpunit/php-text-template": ">=1.1.1@stable"
            },
            "suggest": {
                "ext-soap": "*"
            },
            "type": "library",
            "autoload": {
                "classmap": [
                    "PHPUnit/"
                ]
            },
            "notification-url": "https://packagist.org/downloads/",
            "include-path": [
                ""
            ],
            "license": [
                "BSD-3-Clause"
            ],
            "authors": [
                {
                    "name": "Sebastian Bergmann",
                    "email": "sb@sebastian-bergmann.de",
                    "role": "lead"
                }
            ],
            "description": "Mock Object library for PHPUnit",
            "homepage": "https://github.com/sebastianbergmann/phpunit-mock-objects/",
            "keywords": [
                "mock",
                "xunit"
            ],
            "time": "2013-01-13 10:24:48"
        },
        {
            "name": "squizlabs/php_codesniffer",
            "version": "2.6.2",
            "source": {
                "type": "git",
                "url": "https://github.com/squizlabs/PHP_CodeSniffer.git",
                "reference": "4edb770cb853def6e60c93abb088ad5ac2010c83"
            },
            "dist": {
                "type": "zip",
                "url": "https://api.github.com/repos/squizlabs/PHP_CodeSniffer/zipball/4edb770cb853def6e60c93abb088ad5ac2010c83",
                "reference": "4edb770cb853def6e60c93abb088ad5ac2010c83",
                "shasum": ""
            },
            "require": {
                "ext-simplexml": "*",
                "ext-tokenizer": "*",
                "ext-xmlwriter": "*",
                "php": ">=5.1.2"
            },
            "require-dev": {
                "phpunit/phpunit": "~4.0"
            },
            "bin": [
                "scripts/phpcs",
                "scripts/phpcbf"
            ],
            "type": "library",
            "extra": {
                "branch-alias": {
                    "dev-master": "2.x-dev"
                }
            },
            "autoload": {
                "classmap": [
                    "CodeSniffer.php",
                    "CodeSniffer/CLI.php",
                    "CodeSniffer/Exception.php",
                    "CodeSniffer/File.php",
                    "CodeSniffer/Fixer.php",
                    "CodeSniffer/Report.php",
                    "CodeSniffer/Reporting.php",
                    "CodeSniffer/Sniff.php",
                    "CodeSniffer/Tokens.php",
                    "CodeSniffer/Reports/",
                    "CodeSniffer/Tokenizers/",
                    "CodeSniffer/DocGenerators/",
                    "CodeSniffer/Standards/AbstractPatternSniff.php",
                    "CodeSniffer/Standards/AbstractScopeSniff.php",
                    "CodeSniffer/Standards/AbstractVariableSniff.php",
                    "CodeSniffer/Standards/IncorrectPatternException.php",
                    "CodeSniffer/Standards/Generic/Sniffs/",
                    "CodeSniffer/Standards/MySource/Sniffs/",
                    "CodeSniffer/Standards/PEAR/Sniffs/",
                    "CodeSniffer/Standards/PSR1/Sniffs/",
                    "CodeSniffer/Standards/PSR2/Sniffs/",
                    "CodeSniffer/Standards/Squiz/Sniffs/",
                    "CodeSniffer/Standards/Zend/Sniffs/"
                ]
            },
            "notification-url": "https://packagist.org/downloads/",
            "license": [
                "BSD-3-Clause"
            ],
            "authors": [
                {
                    "name": "Greg Sherwood",
                    "role": "lead"
                }
            ],
            "description": "PHP_CodeSniffer tokenizes PHP, JavaScript and CSS files and detects violations of a defined set of coding standards.",
            "homepage": "http://www.squizlabs.com/php-codesniffer",
            "keywords": [
                "phpcs",
                "standards"
            ],
            "time": "2016-07-13 23:29:13"
        },
        {
            "name": "symfony/yaml",
            "version": "v2.8.9",
            "source": {
                "type": "git",
                "url": "https://github.com/symfony/yaml.git",
                "reference": "0ceab136f43ed9d3e97b3eea32a7855dc50c121d"
            },
            "dist": {
                "type": "zip",
                "url": "https://api.github.com/repos/symfony/yaml/zipball/0ceab136f43ed9d3e97b3eea32a7855dc50c121d",
                "reference": "0ceab136f43ed9d3e97b3eea32a7855dc50c121d",
                "shasum": ""
            },
            "require": {
                "php": ">=5.3.9"
            },
            "type": "library",
            "extra": {
                "branch-alias": {
                    "dev-master": "2.8-dev"
                }
            },
            "autoload": {
                "psr-4": {
                    "Symfony\\Component\\Yaml\\": ""
                },
                "exclude-from-classmap": [
                    "/Tests/"
                ]
            },
            "notification-url": "https://packagist.org/downloads/",
            "license": [
                "MIT"
            ],
            "authors": [
                {
                    "name": "Fabien Potencier",
                    "email": "fabien@symfony.com"
                },
                {
                    "name": "Symfony Community",
                    "homepage": "https://symfony.com/contributors"
                }
            ],
            "description": "Symfony Yaml Component",
            "homepage": "https://symfony.com",
            "time": "2016-07-17 09:06:15"
        }
    ],
    "aliases": [],
    "minimum-stability": "stable",
    "stability-flags": {
        "maldicore/backups": 20,
        "markstory/acl_extras": 20
    },
    "prefer-stable": false,
    "prefer-lowest": false,
    "platform": {
        "php": ">=5.3.0",
        "ext-mcrypt": "*"
    },
    "platform-dev": []
}
